// !$*UTF8*$!
{
	archiveVersion = 1;
	classes = {
	};
	objectVersion = 46;
	objects = {

/* Begin PBXBuildFile section */
		655C636E1832C0630072B5A3 /* Foundation.framework in Frameworks */ = {isa = PBXBuildFile; fileRef = 655C636D1832C0630072B5A3 /* Foundation.framework */; };
		655C63701832C0630072B5A3 /* CoreGraphics.framework in Frameworks */ = {isa = PBXBuildFile; fileRef = 655C636F1832C0630072B5A3 /* CoreGraphics.framework */; };
		655C63721832C0630072B5A3 /* UIKit.framework in Frameworks */ = {isa = PBXBuildFile; fileRef = 655C63711832C0630072B5A3 /* UIKit.framework */; };
		655C63741832C0630072B5A3 /* CoreData.framework in Frameworks */ = {isa = PBXBuildFile; fileRef = 655C63731832C0630072B5A3 /* CoreData.framework */; };
		655C637A1832C0630072B5A3 /* InfoPlist.strings in Resources */ = {isa = PBXBuildFile; fileRef = 655C63781832C0630072B5A3 /* InfoPlist.strings */; };
		655C637C1832C0630072B5A3 /* main.m in Sources */ = {isa = PBXBuildFile; fileRef = 655C637B1832C0630072B5A3 /* main.m */; };
		655C63801832C0630072B5A3 /* LRSAppDelegate.m in Sources */ = {isa = PBXBuildFile; fileRef = 655C637F1832C0630072B5A3 /* LRSAppDelegate.m */; };
		655C63831832C0630072B5A3 /* AdjustYourMixture.xcdatamodeld in Sources */ = {isa = PBXBuildFile; fileRef = 655C63811832C0630072B5A3 /* AdjustYourMixture.xcdatamodeld */; };
		655C63851832C0630072B5A3 /* Images.xcassets in Resources */ = {isa = PBXBuildFile; fileRef = 655C63841832C0630072B5A3 /* Images.xcassets */; };
		655C638C1832C0630072B5A3 /* XCTest.framework in Frameworks */ = {isa = PBXBuildFile; fileRef = 655C638B1832C0630072B5A3 /* XCTest.framework */; };
		655C638D1832C0630072B5A3 /* Foundation.framework in Frameworks */ = {isa = PBXBuildFile; fileRef = 655C636D1832C0630072B5A3 /* Foundation.framework */; };
		655C638E1832C0630072B5A3 /* UIKit.framework in Frameworks */ = {isa = PBXBuildFile; fileRef = 655C63711832C0630072B5A3 /* UIKit.framework */; };
		655C638F1832C0630072B5A3 /* CoreData.framework in Frameworks */ = {isa = PBXBuildFile; fileRef = 655C63731832C0630072B5A3 /* CoreData.framework */; };
		655C63971832C0630072B5A3 /* InfoPlist.strings in Resources */ = {isa = PBXBuildFile; fileRef = 655C63951832C0630072B5A3 /* InfoPlist.strings */; };
		655C63991832C0630072B5A3 /* AdjustYourMixtureTests.m in Sources */ = {isa = PBXBuildFile; fileRef = 655C63981832C0630072B5A3 /* AdjustYourMixtureTests.m */; };
/* End PBXBuildFile section */

/* Begin PBXContainerItemProxy section */
		655C63901832C0630072B5A3 /* PBXContainerItemProxy */ = {
			isa = PBXContainerItemProxy;
			containerPortal = 655C63621832C0630072B5A3 /* Project object */;
			proxyType = 1;
			remoteGlobalIDString = 655C63691832C0630072B5A3;
			remoteInfo = AdjustYourMixture;
		};
/* End PBXContainerItemProxy section */

/* Begin PBXFileReference section */
		655C636A1832C0630072B5A3 /* AdjustYourMixture.app */ = {isa = PBXFileReference; explicitFileType = wrapper.application; includeInIndex = 0; path = AdjustYourMixture.app; sourceTree = BUILT_PRODUCTS_DIR; };
		655C636D1832C0630072B5A3 /* Foundation.framework */ = {isa = PBXFileReference; lastKnownFileType = wrapper.framework; name = Foundation.framework; path = System/Library/Frameworks/Foundation.framework; sourceTree = SDKROOT; };
		655C636F1832C0630072B5A3 /* CoreGraphics.framework */ = {isa = PBXFileReference; lastKnownFileType = wrapper.framework; name = CoreGraphics.framework; path = System/Library/Frameworks/CoreGraphics.framework; sourceTree = SDKROOT; };
		655C63711832C0630072B5A3 /* UIKit.framework */ = {isa = PBXFileReference; lastKnownFileType = wrapper.framework; name = UIKit.framework; path = System/Library/Frameworks/UIKit.framework; sourceTree = SDKROOT; };
		655C63731832C0630072B5A3 /* CoreData.framework */ = {isa = PBXFileReference; lastKnownFileType = wrapper.framework; name = CoreData.framework; path = System/Library/Frameworks/CoreData.framework; sourceTree = SDKROOT; };
		655C63771832C0630072B5A3 /* AdjustYourMixture-Info.plist */ = {isa = PBXFileReference; lastKnownFileType = text.plist.xml; path = "AdjustYourMixture-Info.plist"; sourceTree = "<group>"; };
		655C63791832C0630072B5A3 /* en */ = {isa = PBXFileReference; lastKnownFileType = text.plist.strings; name = en; path = en.lproj/InfoPlist.strings; sourceTree = "<group>"; };
		655C637B1832C0630072B5A3 /* main.m */ = {isa = PBXFileReference; lastKnownFileType = sourcecode.c.objc; path = main.m; sourceTree = "<group>"; };
		655C637D1832C0630072B5A3 /* AdjustYourMixture-Prefix.pch */ = {isa = PBXFileReference; lastKnownFileType = sourcecode.c.h; path = "AdjustYourMixture-Prefix.pch"; sourceTree = "<group>"; };
		655C637E1832C0630072B5A3 /* LRSAppDelegate.h */ = {isa = PBXFileReference; lastKnownFileType = sourcecode.c.h; path = LRSAppDelegate.h; sourceTree = "<group>"; };
		655C637F1832C0630072B5A3 /* LRSAppDelegate.m */ = {isa = PBXFileReference; lastKnownFileType = sourcecode.c.objc; path = LRSAppDelegate.m; sourceTree = "<group>"; };
		655C63821832C0630072B5A3 /* AdjustYourMixture.xcdatamodel */ = {isa = PBXFileReference; lastKnownFileType = wrapper.xcdatamodel; path = AdjustYourMixture.xcdatamodel; sourceTree = "<group>"; };
		655C63841832C0630072B5A3 /* Images.xcassets */ = {isa = PBXFileReference; lastKnownFileType = folder.assetcatalog; path = Images.xcassets; sourceTree = "<group>"; };
		655C638A1832C0630072B5A3 /* AdjustYourMixtureTests.xctest */ = {isa = PBXFileReference; explicitFileType = wrapper.cfbundle; includeInIndex = 0; path = AdjustYourMixtureTests.xctest; sourceTree = BUILT_PRODUCTS_DIR; };
		655C638B1832C0630072B5A3 /* XCTest.framework */ = {isa = PBXFileReference; lastKnownFileType = wrapper.framework; name = XCTest.framework; path = Library/Frameworks/XCTest.framework; sourceTree = DEVELOPER_DIR; };
		655C63941832C0630072B5A3 /* AdjustYourMixtureTests-Info.plist */ = {isa = PBXFileReference; lastKnownFileType = text.plist.xml; path = "AdjustYourMixtureTests-Info.plist"; sourceTree = "<group>"; };
		655C63961832C0630072B5A3 /* en */ = {isa = PBXFileReference; lastKnownFileType = text.plist.strings; name = en; path = en.lproj/InfoPlist.strings; sourceTree = "<group>"; };
		655C63981832C0630072B5A3 /* AdjustYourMixtureTests.m */ = {isa = PBXFileReference; lastKnownFileType = sourcecode.c.objc; path = AdjustYourMixtureTests.m; sourceTree = "<group>"; };
/* End PBXFileReference section */

/* Begin PBXFrameworksBuildPhase section */
		655C63671832C0630072B5A3 /* Frameworks */ = {
			isa = PBXFrameworksBuildPhase;
			buildActionMask = 2147483647;
			files = (
				655C63701832C0630072B5A3 /* CoreGraphics.framework in Frameworks */,
				655C63741832C0630072B5A3 /* CoreData.framework in Frameworks */,
				655C63721832C0630072B5A3 /* UIKit.framework in Frameworks */,
				655C636E1832C0630072B5A3 /* Foundation.framework in Frameworks */,
			);
			runOnlyForDeploymentPostprocessing = 0;
		};
		655C63871832C0630072B5A3 /* Frameworks */ = {
			isa = PBXFrameworksBuildPhase;
			buildActionMask = 2147483647;
			files = (
				655C638C1832C0630072B5A3 /* XCTest.framework in Frameworks */,
				655C638F1832C0630072B5A3 /* CoreData.framework in Frameworks */,
				655C638E1832C0630072B5A3 /* UIKit.framework in Frameworks */,
				655C638D1832C0630072B5A3 /* Foundation.framework in Frameworks */,
			);
			runOnlyForDeploymentPostprocessing = 0;
		};
/* End PBXFrameworksBuildPhase section */

/* Begin PBXGroup section */
		655C63611832C0630072B5A3 = {
			isa = PBXGroup;
			children = (
				655C63751832C0630072B5A3 /* AdjustYourMixture */,
				655C63921832C0630072B5A3 /* AdjustYourMixtureTests */,
				655C636C1832C0630072B5A3 /* Frameworks */,
				655C636B1832C0630072B5A3 /* Products */,
			);
			sourceTree = "<group>";
		};
		655C636B1832C0630072B5A3 /* Products */ = {
			isa = PBXGroup;
			children = (
				655C636A1832C0630072B5A3 /* AdjustYourMixture.app */,
				655C638A1832C0630072B5A3 /* AdjustYourMixtureTests.xctest */,
			);
			name = Products;
			sourceTree = "<group>";
		};
		655C636C1832C0630072B5A3 /* Frameworks */ = {
			isa = PBXGroup;
			children = (
				655C636D1832C0630072B5A3 /* Foundation.framework */,
				655C636F1832C0630072B5A3 /* CoreGraphics.framework */,
				655C63711832C0630072B5A3 /* UIKit.framework */,
				655C63731832C0630072B5A3 /* CoreData.framework */,
				655C638B1832C0630072B5A3 /* XCTest.framework */,
			);
			name = Frameworks;
			sourceTree = "<group>";
		};
		655C63751832C0630072B5A3 /* AdjustYourMixture */ = {
			isa = PBXGroup;
			children = (
				655C637E1832C0630072B5A3 /* LRSAppDelegate.h */,
				655C637F1832C0630072B5A3 /* LRSAppDelegate.m */,
				655C63841832C0630072B5A3 /* Images.xcassets */,
				655C63811832C0630072B5A3 /* AdjustYourMixture.xcdatamodeld */,
				655C63761832C0630072B5A3 /* Supporting Files */,
			);
			path = AdjustYourMixture;
			sourceTree = "<group>";
		};
		655C63761832C0630072B5A3 /* Supporting Files */ = {
			isa = PBXGroup;
			children = (
				655C63771832C0630072B5A3 /* AdjustYourMixture-Info.plist */,
				655C63781832C0630072B5A3 /* InfoPlist.strings */,
				655C637B1832C0630072B5A3 /* main.m */,
				655C637D1832C0630072B5A3 /* AdjustYourMixture-Prefix.pch */,
			);
			name = "Supporting Files";
			sourceTree = "<group>";
		};
		655C63921832C0630072B5A3 /* AdjustYourMixtureTests */ = {
			isa = PBXGroup;
			children = (
				655C63981832C0630072B5A3 /* AdjustYourMixtureTests.m */,
				655C63931832C0630072B5A3 /* Supporting Files */,
			);
			path = AdjustYourMixtureTests;
			sourceTree = "<group>";
		};
		655C63931832C0630072B5A3 /* Supporting Files */ = {
			isa = PBXGroup;
			children = (
				655C63941832C0630072B5A3 /* AdjustYourMixtureTests-Info.plist */,
				655C63951832C0630072B5A3 /* InfoPlist.strings */,
			);
			name = "Supporting Files";
			sourceTree = "<group>";
		};
/* End PBXGroup section */

/* Begin PBXNativeTarget section */
		655C63691832C0630072B5A3 /* AdjustYourMixture */ = {
			isa = PBXNativeTarget;
			buildConfigurationList = 655C639C1832C0630072B5A3 /* Build configuration list for PBXNativeTarget "AdjustYourMixture" */;
			buildPhases = (
				655C63661832C0630072B5A3 /* Sources */,
				655C63671832C0630072B5A3 /* Frameworks */,
				655C63681832C0630072B5A3 /* Resources */,
			);
			buildRules = (
			);
			dependencies = (
			);
			name = AdjustYourMixture;
			productName = AdjustYourMixture;
			productReference = 655C636A1832C0630072B5A3 /* AdjustYourMixture.app */;
			productType = "com.apple.product-type.application";
		};
		655C63891832C0630072B5A3 /* AdjustYourMixtureTests */ = {
			isa = PBXNativeTarget;
			buildConfigurationList = 655C639F1832C0630072B5A3 /* Build configuration list for PBXNativeTarget "AdjustYourMixtureTests" */;
			buildPhases = (
				655C63861832C0630072B5A3 /* Sources */,
				655C63871832C0630072B5A3 /* Frameworks */,
				655C63881832C0630072B5A3 /* Resources */,
			);
			buildRules = (
			);
			dependencies = (
				655C63911832C0630072B5A3 /* PBXTargetDependency */,
			);
			name = AdjustYourMixtureTests;
			productName = AdjustYourMixtureTests;
			productReference = 655C638A1832C0630072B5A3 /* AdjustYourMixtureTests.xctest */;
			productType = "com.apple.product-type.bundle.unit-test";
		};
/* End PBXNativeTarget section */

/* Begin PBXProject section */
		655C63621832C0630072B5A3 /* Project object */ = {
			isa = PBXProject;
			attributes = {
				CLASSPREFIX = LRS;
				LastUpgradeCheck = 0500;
				ORGANIZATIONNAME = "Lonely Robot Studio";
				TargetAttributes = {
					655C63891832C0630072B5A3 = {
						TestTargetID = 655C63691832C0630072B5A3;
					};
				};
			};
			buildConfigurationList = 655C63651832C0630072B5A3 /* Build configuration list for PBXProject "AdjustYourMixture" */;
			compatibilityVersion = "Xcode 3.2";
			developmentRegion = English;
			hasScannedForEncodings = 0;
			knownRegions = (
				en,
			);
			mainGroup = 655C63611832C0630072B5A3;
			productRefGroup = 655C636B1832C0630072B5A3 /* Products */;
			projectDirPath = "";
			projectRoot = "";
			targets = (
				655C63691832C0630072B5A3 /* AdjustYourMixture */,
				655C63891832C0630072B5A3 /* AdjustYourMixtureTests */,
			);
		};
/* End PBXProject section */

/* Begin PBXResourcesBuildPhase section */
		655C63681832C0630072B5A3 /* Resources */ = {
			isa = PBXResourcesBuildPhase;
			buildActionMask = 2147483647;
			files = (
				655C637A1832C0630072B5A3 /* InfoPlist.strings in Resources */,
				655C63851832C0630072B5A3 /* Images.xcassets in Resources */,
			);
			runOnlyForDeploymentPostprocessing = 0;
		};
		655C63881832C0630072B5A3 /* Resources */ = {
			isa = PBXResourcesBuildPhase;
			buildActionMask = 2147483647;
			files = (
				655C63971832C0630072B5A3 /* InfoPlist.strings in Resources */,
			);
			runOnlyForDeploymentPostprocessing = 0;
		};
/* End PBXResourcesBuildPhase section */

/* Begin PBXSourcesBuildPhase section */
		655C63661832C0630072B5A3 /* Sources */ = {
			isa = PBXSourcesBuildPhase;
			buildActionMask = 2147483647;
			files = (
				655C63801832C0630072B5A3 /* LRSAppDelegate.m in Sources */,
				655C63831832C0630072B5A3 /* AdjustYourMixture.xcdatamodeld in Sources */,
				655C637C1832C0630072B5A3 /* main.m in Sources */,
			);
			runOnlyForDeploymentPostprocessing = 0;
		};
		655C63861832C0630072B5A3 /* Sources */ = {
			isa = PBXSourcesBuildPhase;
			buildActionMask = 2147483647;
			files = (
				655C63991832C0630072B5A3 /* AdjustYourMixtureTests.m in Sources */,
			);
			runOnlyForDeploymentPostprocessing = 0;
		};
/* End PBXSourcesBuildPhase section */

/* Begin PBXTargetDependency section */
		655C63911832C0630072B5A3 /* PBXTargetDependency */ = {
			isa = PBXTargetDependency;
			target = 655C63691832C0630072B5A3 /* AdjustYourMixture */;
			targetProxy = 655C63901832C0630072B5A3 /* PBXContainerItemProxy */;
		};
/* End PBXTargetDependency section */

/* Begin PBXVariantGroup section */
		655C63781832C0630072B5A3 /* InfoPlist.strings */ = {
			isa = PBXVariantGroup;
			children = (
				655C63791832C0630072B5A3 /* en */,
			);
			name = InfoPlist.strings;
			sourceTree = "<group>";
		};
		655C63951832C0630072B5A3 /* InfoPlist.strings */ = {
			isa = PBXVariantGroup;
			children = (
				655C63961832C0630072B5A3 /* en */,
			);
			name = InfoPlist.strings;
			sourceTree = "<group>";
		};
/* End PBXVariantGroup section */

/* Begin XCBuildConfiguration section */
		655C639A1832C0630072B5A3 /* Debug */ = {
			isa = XCBuildConfiguration;
			buildSettings = {
				ALWAYS_SEARCH_USER_PATHS = NO;
				ARCHS = "$(ARCHS_STANDARD_INCLUDING_64_BIT)";
				CLANG_CXX_LANGUAGE_STANDARD = "gnu++0x";
				CLANG_CXX_LIBRARY = "libc++";
				CLANG_ENABLE_MODULES = YES;
				CLANG_ENABLE_OBJC_ARC = YES;
				CLANG_WARN_BOOL_CONVERSION = YES;
				CLANG_WARN_CONSTANT_CONVERSION = YES;
				CLANG_WARN_DIRECT_OBJC_ISA_USAGE = YES_ERROR;
				CLANG_WARN_EMPTY_BODY = YES;
				CLANG_WARN_ENUM_CONVERSION = YES;
				CLANG_WARN_INT_CONVERSION = YES;
				CLANG_WARN_OBJC_ROOT_CLASS = YES_ERROR;
				CLANG_WARN__DUPLICATE_METHOD_MATCH = YES;
				"CODE_SIGN_IDENTITY[sdk=iphoneos*]" = "iPhone Developer";
				COPY_PHASE_STRIP = NO;
				GCC_C_LANGUAGE_STANDARD = gnu99;
				GCC_DYNAMIC_NO_PIC = NO;
				GCC_OPTIMIZATION_LEVEL = 0;
				GCC_PREPROCESSOR_DEFINITIONS = (
					"DEBUG=1",
					"$(inherited)",
				);
				GCC_SYMBOLS_PRIVATE_EXTERN = NO;
				GCC_WARN_64_TO_32_BIT_CONVERSION = YES;
				GCC_WARN_ABOUT_RETURN_TYPE = YES_ERROR;
				GCC_WARN_UNDECLARED_SELECTOR = YES;
				GCC_WARN_UNINITIALIZED_AUTOS = YES;
				GCC_WARN_UNUSED_FUNCTION = YES;
				GCC_WARN_UNUSED_VARIABLE = YES;
				IPHONEOS_DEPLOYMENT_TARGET = 7.0;
				ONLY_ACTIVE_ARCH = YES;
				SDKROOT = iphoneos;
				TARGETED_DEVICE_FAMILY = "1,2";
			};
			name = Debug;
		};
		655C639B1832C0630072B5A3 /* Release */ = {
			isa = XCBuildConfiguration;
			buildSettings = {
				ALWAYS_SEARCH_USER_PATHS = NO;
				ARCHS = "$(ARCHS_STANDARD_INCLUDING_64_BIT)";
				CLANG_CXX_LANGUAGE_STANDARD = "gnu++0x";
				CLANG_CXX_LIBRARY = "libc++";
				CLANG_ENABLE_MODULES = YES;
				CLANG_ENABLE_OBJC_ARC = YES;
				CLANG_WARN_BOOL_CONVERSION = YES;
				CLANG_WARN_CONSTANT_CONVERSION = YES;
				CLANG_WARN_DIRECT_OBJC_ISA_USAGE = YES_ERROR;
				CLANG_WARN_EMPTY_BODY = YES;
				CLANG_WARN_ENUM_CONVERSION = YES;
				CLANG_WARN_INT_CONVERSION = YES;
				CLANG_WARN_OBJC_ROOT_CLASS = YES_ERROR;
				CLANG_WARN__DUPLICATE_METHOD_MATCH = YES;
				"CODE_SIGN_IDENTITY[sdk=iphoneos*]" = "iPhone Developer";
				COPY_PHASE_STRIP = YES;
				ENABLE_NS_ASSERTIONS = NO;
				GCC_C_LANGUAGE_STANDARD = gnu99;
				GCC_WARN_64_TO_32_BIT_CONVERSION = YES;
				GCC_WARN_ABOUT_RETURN_TYPE = YES_ERROR;
				GCC_WARN_UNDECLARED_SELECTOR = YES;
				GCC_WARN_UNINITIALIZED_AUTOS = YES;
				GCC_WARN_UNUSED_FUNCTION = YES;
				GCC_WARN_UNUSED_VARIABLE = YES;
				IPHONEOS_DEPLOYMENT_TARGET = 7.0;
				SDKROOT = iphoneos;
				TARGETED_DEVICE_FAMILY = "1,2";
				VALIDATE_PRODUCT = YES;
			};
			name = Release;
		};
		655C639D1832C0630072B5A3 /* Debug */ = {
			isa = XCBuildConfiguration;
			buildSettings = {
				ASSETCATALOG_COMPILER_APPICON_NAME = AppIcon;
				ASSETCATALOG_COMPILER_LAUNCHIMAGE_NAME = LaunchImage;
				GCC_PRECOMPILE_PREFIX_HEADER = YES;
				GCC_PREFIX_HEADER = "AdjustYourMixture/AdjustYourMixture-Prefix.pch";
				INFOPLIST_FILE = "AdjustYourMixture/AdjustYourMixture-Info.plist";
				PRODUCT_NAME = "$(TARGET_NAME)";
				WRAPPER_EXTENSION = app;
			};
			name = Debug;
		};
		655C639E1832C0630072B5A3 /* Release */ = {
			isa = XCBuildConfiguration;
			buildSettings = {
				ASSETCATALOG_COMPILER_APPICON_NAME = AppIcon;
				ASSETCATALOG_COMPILER_LAUNCHIMAGE_NAME = LaunchImage;
				GCC_PRECOMPILE_PREFIX_HEADER = YES;
				GCC_PREFIX_HEADER = "AdjustYourMixture/AdjustYourMixture-Prefix.pch";
				INFOPLIST_FILE = "AdjustYourMixture/AdjustYourMixture-Info.plist";
				PRODUCT_NAME = "$(TARGET_NAME)";
				WRAPPER_EXTENSION = app;
			};
			name = Release;
		};
		655C63A01832C0630072B5A3 /* Debug */ = {
			isa = XCBuildConfiguration;
			buildSettings = {
				ARCHS = "$(ARCHS_STANDARD_INCLUDING_64_BIT)";
				BUNDLE_LOADER = "$(BUILT_PRODUCTS_DIR)/AdjustYourMixture.app/AdjustYourMixture";
				FRAMEWORK_SEARCH_PATHS = (
					"$(SDKROOT)/Developer/Library/Frameworks",
					"$(inherited)",
					"$(DEVELOPER_FRAMEWORKS_DIR)",
				);
				GCC_PRECOMPILE_PREFIX_HEADER = YES;
				GCC_PREFIX_HEADER = "AdjustYourMixture/AdjustYourMixture-Prefix.pch";
				GCC_PREPROCESSOR_DEFINITIONS = (
					"DEBUG=1",
					"$(inherited)",
				);
				INFOPLIST_FILE = "AdjustYourMixtureTests/AdjustYourMixtureTests-Info.plist";
				PRODUCT_NAME = "$(TARGET_NAME)";
				TEST_HOST = "$(BUNDLE_LOADER)";
				WRAPPER_EXTENSION = xctest;
			};
			name = Debug;
		};
		655C63A11832C0630072B5A3 /* Release */ = {
			isa = XCBuildConfiguration;
			buildSettings = {
				ARCHS = "$(ARCHS_STANDARD_INCLUDING_64_BIT)";
				BUNDLE_LOADER = "$(BUILT_PRODUCTS_DIR)/AdjustYourMixture.app/AdjustYourMixture";
				FRAMEWORK_SEARCH_PATHS = (
					"$(SDKROOT)/Developer/Library/Frameworks",
					"$(inherited)",
					"$(DEVELOPER_FRAMEWORKS_DIR)",
				);
				GCC_PRECOMPILE_PREFIX_HEADER = YES;
				GCC_PREFIX_HEADER = "AdjustYourMixture/AdjustYourMixture-Prefix.pch";
				INFOPLIST_FILE = "AdjustYourMixtureTests/AdjustYourMixtureTests-Info.plist";
				PRODUCT_NAME = "$(TARGET_NAME)";
				TEST_HOST = "$(BUNDLE_LOADER)";
				WRAPPER_EXTENSION = xctest;
			};
			name = Release;
		};
/* End XCBuildConfiguration section */

/* Begin XCConfigurationList section */
		655C63651832C0630072B5A3 /* Build configuration list for PBXProject "AdjustYourMixture" */ = {
			isa = XCConfigurationList;
			buildConfigurations = (
				655C639A1832C0630072B5A3 /* Debug */,
				655C639B1832C0630072B5A3 /* Release */,
			);
			defaultConfigurationIsVisible = 0;
			defaultConfigurationName = Release;
		};
		655C639C1832C0630072B5A3 /* Build configuration list for PBXNativeTarget "AdjustYourMixture" */ = {
			isa = XCConfigurationList;
			buildConfigurations = (
				655C639D1832C0630072B5A3 /* Debug */,
				655C639E1832C0630072B5A3 /* Release */,
			);
			defaultConfigurationIsVisible = 0;
		};
		655C639F1832C0630072B5A3 /* Build configuration list for PBXNativeTarget "AdjustYourMixtureTests" */ = {
			isa = XCConfigurationList;
			buildConfigurations = (
				655C63A01832C0630072B5A3 /* Debug */,
				655C63A11832C0630072B5A3 /* Release */,
			);
			defaultConfigurationIsVisible = 0;
		};
/* End XCConfigurationList section */

/* Begin XCVersionGroup section */
		655C63811832C0630072B5A3 /* AdjustYourMixture.xcdatamodeld */ = {
			isa = XCVersionGroup;
			children = (
				655C63821832C0630072B5A3 /* AdjustYourMixture.xcdatamodel */,
			);
			currentVersion = 655C63821832C0630072B5A3 /* AdjustYourMixture.xcdatamodel */;
			path = AdjustYourMixture.xcdatamodeld;
			sourceTree = "<group>";
			versionGroupType = wrapper.xcdatamodel;
		};
/* End XCVersionGroup section */
	};
	rootObject = 655C63621832C0630072B5A3 /* Project object */;
}
